
Microsoft Visual Studio Solution File, Format Version 12.00
Project("{FAE04EC0-301F-11D3-BF4B-00C04F79EFBC}") = "Babaxaem", "Babaxaem\Babaxaem.csproj", "{260A130C-3885-4BFB-8BB8-3104D272B17B}"
EndProject
Global
	GlobalSection(SolutionConfigurationPlatforms) = preSolution
		Debug|Any CPU = Debug|Any CPU
		Release|Any CPU = Release|Any CPU
	EndGlobalSection
	GlobalSection(ProjectConfigurationPlatforms) = postSolution
		{260A130C-3885-4BFB-8BB8-3104D272B17B}.Debug|Any CPU.ActiveCfg = Debug|Any CPU
		{260A130C-3885-4BFB-8BB8-3104D272B17B}.Debug|Any CPU.Build.0 = Debug|Any CPU
		{260A130C-3885-4BFB-8BB8-3104D272B17B}.Release|Any CPU.ActiveCfg = Release|Any CPU
		{260A130C-3885-4BFB-8BB8-3104D272B17B}.Release|Any CPU.Build.0 = Release|Any CPU
	EndGlobalSection
EndGlobal
